
Microsoft Visual Studio Solution File, Format Version 12.00
# Visual Studio Version 17
VisualStudioVersion = 17.0.31903.59
MinimumVisualStudioVersion = 10.0.40219.1
Project("{FAE04EC0-301F-11D3-BF4B-00C04F79EFBC}") = "LBTT-Calculator", "LBTT-Calculator.csproj", "{9E087CEF-ABF9-4168-B9BD-DDFE34F0AD26}"
EndProject
Project("{FAE04EC0-301F-11D3-BF4B-00C04F79EFBC}") = "LBTT-Calculator.Tests", "LBTT-Calculator.Tests\LBTT-Calculator.Tests.csproj", "{251B5582-29B0-456C-B7D1-695B36D70857}"
EndProject
Global
	GlobalSection(SolutionConfigurationPlatforms) = preSolution
		Debug|Any CPU = Debug|Any CPU
		Release|Any CPU = Release|Any CPU
	EndGlobalSection
	GlobalSection(SolutionProperties) = preSolution
		HideSolutionNode = FALSE
	EndGlobalSection
	GlobalSection(ProjectConfigurationPlatforms) = postSolution
		{9E087CEF-ABF9-4168-B9BD-DDFE34F0AD26}.Debug|Any CPU.ActiveCfg = Debug|Any CPU
		{9E087CEF-ABF9-4168-B9BD-DDFE34F0AD26}.Debug|Any CPU.Build.0 = Debug|Any CPU
		{9E087CEF-ABF9-4168-B9BD-DDFE34F0AD26}.Release|Any CPU.ActiveCfg = Release|Any CPU
		{9E087CEF-ABF9-4168-B9BD-DDFE34F0AD26}.Release|Any CPU.Build.0 = Release|Any CPU
		{251B5582-29B0-456C-B7D1-695B36D70857}.Debug|Any CPU.ActiveCfg = Debug|Any CPU
		{251B5582-29B0-456C-B7D1-695B36D70857}.Debug|Any CPU.Build.0 = Debug|Any CPU
		{251B5582-29B0-456C-B7D1-695B36D70857}.Release|Any CPU.ActiveCfg = Release|Any CPU
		{251B5582-29B0-456C-B7D1-695B36D70857}.Release|Any CPU.Build.0 = Release|Any CPU
	EndGlobalSection
EndGlobal
